// !$*UTF8*$!
{
	archiveVersion = 1;
	classes = {
	};
	objectVersion = 56;
	objects = {

/* Begin PBXBuildFile section */
		C397E7612ADBA4F000209F12 /* ToiletCheckInWatchAppApp.swift in Sources */ = {isa = PBXBuildFile; fileRef = C397E7602ADBA4F000209F12 /* ToiletCheckInWatchAppApp.swift */; };
		C397E7632ADBA4F000209F12 /* ContentView.swift in Sources */ = {isa = PBXBuildFile; fileRef = C397E7622ADBA4F000209F12 /* ContentView.swift */; };
		C397E7652ADBA4F100209F12 /* Assets.xcassets in Resources */ = {isa = PBXBuildFile; fileRef = C397E7642ADBA4F100209F12 /* Assets.xcassets */; };
		C397E7682ADBA4F100209F12 /* Preview Assets.xcassets in Resources */ = {isa = PBXBuildFile; fileRef = C397E7672ADBA4F100209F12 /* Preview Assets.xcassets */; };
		C397E76B2ADBA4F100209F12 /* トイレチェックイン.app in Embed Watch Content */ = {isa = PBXBuildFile; fileRef = C397E75E2ADBA4F000209F12 /* トイレチェックイン.app */; settings = {ATTRIBUTES = (RemoveHeadersOnCopy, ); }; };
		C397E7722ADBA53A00209F12 /* ToiletCheckInCore in Frameworks */ = {isa = PBXBuildFile; productRef = C397E7712ADBA53A00209F12 /* ToiletCheckInCore */; };
		C397E7932ADC01C600209F12 /* WidgetKit.framework in Frameworks */ = {isa = PBXBuildFile; fileRef = C3CE230E2AD3937E0091FFC6 /* WidgetKit.framework */; };
		C397E7942ADC01C600209F12 /* SwiftUI.framework in Frameworks */ = {isa = PBXBuildFile; fileRef = C3CE23102AD3937E0091FFC6 /* SwiftUI.framework */; };
		C397E7972ADC01C600209F12 /* ToiletCheckInWatchWidget.swift in Sources */ = {isa = PBXBuildFile; fileRef = C397E7962ADC01C600209F12 /* ToiletCheckInWatchWidget.swift */; };
		C397E7992ADC01C700209F12 /* Assets.xcassets in Resources */ = {isa = PBXBuildFile; fileRef = C397E7982ADC01C700209F12 /* Assets.xcassets */; };
		C397E79D2ADC01C700209F12 /* ToiletCheckInWatchWidgetExtension.appex in Embed Foundation Extensions */ = {isa = PBXBuildFile; fileRef = C397E7922ADC01C600209F12 /* ToiletCheckInWatchWidgetExtension.appex */; settings = {ATTRIBUTES = (RemoveHeadersOnCopy, ); }; };
		C397E7A12ADC01E600209F12 /* ComplicationController.swift in Sources */ = {isa = PBXBuildFile; fileRef = C397E7752ADBF3E900209F12 /* ComplicationController.swift */; };
		C3CE22DF2AD392C00091FFC6 /* ToiletCheckInApp.swift in Sources */ = {isa = PBXBuildFile; fileRef = C3CE22DE2AD392C00091FFC6 /* ToiletCheckInApp.swift */; };
		C3CE22E12AD392C00091FFC6 /* ContentView.swift in Sources */ = {isa = PBXBuildFile; fileRef = C3CE22E02AD392C00091FFC6 /* ContentView.swift */; };
		C3CE22E32AD392C00091FFC6 /* Assets.xcassets in Resources */ = {isa = PBXBuildFile; fileRef = C3CE22E22AD392C00091FFC6 /* Assets.xcassets */; };
		C3CE22E62AD392C00091FFC6 /* Preview Assets.xcassets in Resources */ = {isa = PBXBuildFile; fileRef = C3CE22E52AD392C00091FFC6 /* Preview Assets.xcassets */; };
		C3CE22F02AD392C00091FFC6 /* ToiletCheckInTests.swift in Sources */ = {isa = PBXBuildFile; fileRef = C3CE22EF2AD392C00091FFC6 /* ToiletCheckInTests.swift */; };
		C3CE230F2AD3937E0091FFC6 /* WidgetKit.framework in Frameworks */ = {isa = PBXBuildFile; fileRef = C3CE230E2AD3937E0091FFC6 /* WidgetKit.framework */; };
		C3CE23112AD3937E0091FFC6 /* SwiftUI.framework in Frameworks */ = {isa = PBXBuildFile; fileRef = C3CE23102AD3937E0091FFC6 /* SwiftUI.framework */; };
		C3CE23142AD3937E0091FFC6 /* ToiletCheckInWidgetBundle.swift in Sources */ = {isa = PBXBuildFile; fileRef = C3CE23132AD3937E0091FFC6 /* ToiletCheckInWidgetBundle.swift */; };
		C3CE23162AD3937E0091FFC6 /* ToiletCheckInWidgetLiveActivity.swift in Sources */ = {isa = PBXBuildFile; fileRef = C3CE23152AD3937E0091FFC6 /* ToiletCheckInWidgetLiveActivity.swift */; };
		C3CE23182AD3937E0091FFC6 /* ToiletCheckInWidget.swift in Sources */ = {isa = PBXBuildFile; fileRef = C3CE23172AD3937E0091FFC6 /* ToiletCheckInWidget.swift */; };
		C3CE231A2AD3937E0091FFC6 /* AppIntent.swift in Sources */ = {isa = PBXBuildFile; fileRef = C3CE23192AD3937E0091FFC6 /* AppIntent.swift */; };
		C3CE231C2AD3937F0091FFC6 /* Assets.xcassets in Resources */ = {isa = PBXBuildFile; fileRef = C3CE231B2AD3937F0091FFC6 /* Assets.xcassets */; };
		C3CE23202AD3937F0091FFC6 /* ToiletCheckInWidgetExtension.appex in Embed Foundation Extensions */ = {isa = PBXBuildFile; fileRef = C3CE230C2AD3937E0091FFC6 /* ToiletCheckInWidgetExtension.appex */; settings = {ATTRIBUTES = (RemoveHeadersOnCopy, ); }; };
		C3CE232C2AD3A46A0091FFC6 /* Testing in Frameworks */ = {isa = PBXBuildFile; productRef = C3CE232B2AD3A46A0091FFC6 /* Testing */; };
		C3CE232F2AD3E7420091FFC6 /* ToiletCheckInListView.swift in Sources */ = {isa = PBXBuildFile; fileRef = C3CE232E2AD3E7420091FFC6 /* ToiletCheckInListView.swift */; };
		C3CE23322AD3E7860091FFC6 /* ToiletAddView.swift in Sources */ = {isa = PBXBuildFile; fileRef = C3CE23312AD3E7860091FFC6 /* ToiletAddView.swift */; };
		C3CE23342AD3EAB10091FFC6 /* ToiletCheckInCore in Frameworks */ = {isa = PBXBuildFile; productRef = C3CE23332AD3EAB10091FFC6 /* ToiletCheckInCore */; };
		C3CE23362AD3EAB70091FFC6 /* ToiletCheckInCore in Frameworks */ = {isa = PBXBuildFile; productRef = C3CE23352AD3EAB70091FFC6 /* ToiletCheckInCore */; };
		C3CE23382AD3EEAD0091FFC6 /* SettingView.swift in Sources */ = {isa = PBXBuildFile; fileRef = C3CE23372AD3EEAD0091FFC6 /* SettingView.swift */; };
		C3CE233E2AD40B550091FFC6 /* ToiletCheckInDetailView.swift in Sources */ = {isa = PBXBuildFile; fileRef = C3CE233D2AD40B550091FFC6 /* ToiletCheckInDetailView.swift */; };
		C3CE23422AD40E460091FFC6 /* FontSizeSliderView.swift in Sources */ = {isa = PBXBuildFile; fileRef = C3CE23412AD40E460091FFC6 /* FontSizeSliderView.swift */; };
		C3CE23452AD4115E0091FFC6 /* Font.swift in Sources */ = {isa = PBXBuildFile; fileRef = C3CE23442AD4115E0091FFC6 /* Font.swift */; };
		C3CE23482AD4146E0091FFC6 /* UserDefaults.swift in Sources */ = {isa = PBXBuildFile; fileRef = C3CE23472AD4146E0091FFC6 /* UserDefaults.swift */; };
		C3CE234A2AD414F40091FFC6 /* AppState.swift in Sources */ = {isa = PBXBuildFile; fileRef = C3CE23492AD414F40091FFC6 /* AppState.swift */; };
/* End PBXBuildFile section */

/* Begin PBXContainerItemProxy section */
		C397E7692ADBA4F100209F12 /* PBXContainerItemProxy */ = {
			isa = PBXContainerItemProxy;
			containerPortal = C3CE22D32AD392BF0091FFC6 /* Project object */;
			proxyType = 1;
			remoteGlobalIDString = C397E75D2ADBA4F000209F12;
			remoteInfo = "ToiletCheckInWatchApp Watch App";
		};
		C397E79B2ADC01C700209F12 /* PBXContainerItemProxy */ = {
			isa = PBXContainerItemProxy;
			containerPortal = C3CE22D32AD392BF0091FFC6 /* Project object */;
			proxyType = 1;
			remoteGlobalIDString = C397E7912ADC01C600209F12;
			remoteInfo = ToiletCheckInWatchWidgetExtension;
		};
		C3CE22EC2AD392C00091FFC6 /* PBXContainerItemProxy */ = {
			isa = PBXContainerItemProxy;
			containerPortal = C3CE22D32AD392BF0091FFC6 /* Project object */;
			proxyType = 1;
			remoteGlobalIDString = C3CE22DA2AD392C00091FFC6;
			remoteInfo = ToiletCheckIn;
		};
		C3CE231E2AD3937F0091FFC6 /* PBXContainerItemProxy */ = {
			isa = PBXContainerItemProxy;
			containerPortal = C3CE22D32AD392BF0091FFC6 /* Project object */;
			proxyType = 1;
			remoteGlobalIDString = C3CE230B2AD3937E0091FFC6;
			remoteInfo = ToiletCheckInWidgetExtension;
		};
/* End PBXContainerItemProxy section */

/* Begin PBXCopyFilesBuildPhase section */
		C397E76C2ADBA4F100209F12 /* Embed Watch Content */ = {
			isa = PBXCopyFilesBuildPhase;
			buildActionMask = 2147483647;
			dstPath = "$(CONTENTS_FOLDER_PATH)/Watch";
			dstSubfolderSpec = 16;
			files = (
				C397E76B2ADBA4F100209F12 /* トイレチェックイン.app in Embed Watch Content */,
			);
			name = "Embed Watch Content";
			runOnlyForDeploymentPostprocessing = 0;
		};
		C397E78D2ADBFF3D00209F12 /* Embed Foundation Extensions */ = {
			isa = PBXCopyFilesBuildPhase;
			buildActionMask = 2147483647;
			dstPath = "";
			dstSubfolderSpec = 13;
			files = (
				C397E79D2ADC01C700209F12 /* ToiletCheckInWatchWidgetExtension.appex in Embed Foundation Extensions */,
			);
			name = "Embed Foundation Extensions";
			runOnlyForDeploymentPostprocessing = 0;
		};
		C3CE23242AD3937F0091FFC6 /* Embed Foundation Extensions */ = {
			isa = PBXCopyFilesBuildPhase;
			buildActionMask = 2147483647;
			dstPath = "";
			dstSubfolderSpec = 13;
			files = (
				C3CE23202AD3937F0091FFC6 /* ToiletCheckInWidgetExtension.appex in Embed Foundation Extensions */,
			);
			name = "Embed Foundation Extensions";
			runOnlyForDeploymentPostprocessing = 0;
		};
/* End PBXCopyFilesBuildPhase section */

/* Begin PBXFileReference section */
		C397E75E2ADBA4F000209F12 /* トイレチェックイン.app */ = {isa = PBXFileReference; explicitFileType = wrapper.application; includeInIndex = 0; path = "トイレチェックイン.app"; sourceTree = BUILT_PRODUCTS_DIR; };
		C397E7602ADBA4F000209F12 /* ToiletCheckInWatchAppApp.swift */ = {isa = PBXFileReference; lastKnownFileType = sourcecode.swift; path = ToiletCheckInWatchAppApp.swift; sourceTree = "<group>"; };
		C397E7622ADBA4F000209F12 /* ContentView.swift */ = {isa = PBXFileReference; lastKnownFileType = sourcecode.swift; path = ContentView.swift; sourceTree = "<group>"; };
		C397E7642ADBA4F100209F12 /* Assets.xcassets */ = {isa = PBXFileReference; lastKnownFileType = folder.assetcatalog; path = Assets.xcassets; sourceTree = "<group>"; };
		C397E7672ADBA4F100209F12 /* Preview Assets.xcassets */ = {isa = PBXFileReference; lastKnownFileType = folder.assetcatalog; path = "Preview Assets.xcassets"; sourceTree = "<group>"; };
		C397E7702ADBA50500209F12 /* ToiletCheckInWatchApp Watch App.entitlements */ = {isa = PBXFileReference; lastKnownFileType = text.plist.entitlements; path = "ToiletCheckInWatchApp Watch App.entitlements"; sourceTree = "<group>"; };
		C397E7752ADBF3E900209F12 /* ComplicationController.swift */ = {isa = PBXFileReference; lastKnownFileType = sourcecode.swift; path = ComplicationController.swift; sourceTree = "<group>"; };
		C397E7772ADBFE7400209F12 /* ToiletCheckInWatchApp-Watch-App-Info.plist */ = {isa = PBXFileReference; lastKnownFileType = text.plist; path = "ToiletCheckInWatchApp-Watch-App-Info.plist"; sourceTree = SOURCE_ROOT; };
		C397E7922ADC01C600209F12 /* ToiletCheckInWatchWidgetExtension.appex */ = {isa = PBXFileReference; explicitFileType = "wrapper.app-extension"; includeInIndex = 0; path = ToiletCheckInWatchWidgetExtension.appex; sourceTree = BUILT_PRODUCTS_DIR; };
		C397E7962ADC01C600209F12 /* ToiletCheckInWatchWidget.swift */ = {isa = PBXFileReference; lastKnownFileType = sourcecode.swift; path = ToiletCheckInWatchWidget.swift; sourceTree = "<group>"; };
		C397E7982ADC01C700209F12 /* Assets.xcassets */ = {isa = PBXFileReference; lastKnownFileType = folder.assetcatalog; path = Assets.xcassets; sourceTree = "<group>"; };
		C397E79A2ADC01C700209F12 /* Info.plist */ = {isa = PBXFileReference; lastKnownFileType = text.plist.xml; path = Info.plist; sourceTree = "<group>"; };
		C3CE22DB2AD392C00091FFC6 /* ToiletCheckIn.app */ = {isa = PBXFileReference; explicitFileType = wrapper.application; includeInIndex = 0; path = ToiletCheckIn.app; sourceTree = BUILT_PRODUCTS_DIR; };
		C3CE22DE2AD392C00091FFC6 /* ToiletCheckInApp.swift */ = {isa = PBXFileReference; lastKnownFileType = sourcecode.swift; path = ToiletCheckInApp.swift; sourceTree = "<group>"; };
		C3CE22E02AD392C00091FFC6 /* ContentView.swift */ = {isa = PBXFileReference; lastKnownFileType = sourcecode.swift; path = ContentView.swift; sourceTree = "<group>"; };
		C3CE22E22AD392C00091FFC6 /* Assets.xcassets */ = {isa = PBXFileReference; lastKnownFileType = folder.assetcatalog; path = Assets.xcassets; sourceTree = "<group>"; };
		C3CE22E52AD392C00091FFC6 /* Preview Assets.xcassets */ = {isa = PBXFileReference; lastKnownFileType = folder.assetcatalog; path = "Preview Assets.xcassets"; sourceTree = "<group>"; };
		C3CE22EB2AD392C00091FFC6 /* ToiletCheckInTests.xctest */ = {isa = PBXFileReference; explicitFileType = wrapper.cfbundle; includeInIndex = 0; path = ToiletCheckInTests.xctest; sourceTree = BUILT_PRODUCTS_DIR; };
		C3CE22EF2AD392C00091FFC6 /* ToiletCheckInTests.swift */ = {isa = PBXFileReference; lastKnownFileType = sourcecode.swift; path = ToiletCheckInTests.swift; sourceTree = "<group>"; };
		C3CE230C2AD3937E0091FFC6 /* ToiletCheckInWidgetExtension.appex */ = {isa = PBXFileReference; explicitFileType = "wrapper.app-extension"; includeInIndex = 0; path = ToiletCheckInWidgetExtension.appex; sourceTree = BUILT_PRODUCTS_DIR; };
		C3CE230E2AD3937E0091FFC6 /* WidgetKit.framework */ = {isa = PBXFileReference; lastKnownFileType = wrapper.framework; name = WidgetKit.framework; path = System/Library/Frameworks/WidgetKit.framework; sourceTree = SDKROOT; };
		C3CE23102AD3937E0091FFC6 /* SwiftUI.framework */ = {isa = PBXFileReference; lastKnownFileType = wrapper.framework; name = SwiftUI.framework; path = System/Library/Frameworks/SwiftUI.framework; sourceTree = SDKROOT; };
		C3CE23132AD3937E0091FFC6 /* ToiletCheckInWidgetBundle.swift */ = {isa = PBXFileReference; lastKnownFileType = sourcecode.swift; path = ToiletCheckInWidgetBundle.swift; sourceTree = "<group>"; };
		C3CE23152AD3937E0091FFC6 /* ToiletCheckInWidgetLiveActivity.swift */ = {isa = PBXFileReference; lastKnownFileType = sourcecode.swift; path = ToiletCheckInWidgetLiveActivity.swift; sourceTree = "<group>"; };
		C3CE23172AD3937E0091FFC6 /* ToiletCheckInWidget.swift */ = {isa = PBXFileReference; lastKnownFileType = sourcecode.swift; path = ToiletCheckInWidget.swift; sourceTree = "<group>"; };
		C3CE23192AD3937E0091FFC6 /* AppIntent.swift */ = {isa = PBXFileReference; lastKnownFileType = sourcecode.swift; path = AppIntent.swift; sourceTree = "<group>"; };
		C3CE231B2AD3937F0091FFC6 /* Assets.xcassets */ = {isa = PBXFileReference; lastKnownFileType = folder.assetcatalog; path = Assets.xcassets; sourceTree = "<group>"; };
		C3CE231D2AD3937F0091FFC6 /* Info.plist */ = {isa = PBXFileReference; lastKnownFileType = text.plist.xml; path = Info.plist; sourceTree = "<group>"; };
		C3CE23252AD393C40091FFC6 /* ToiletCheckIn.entitlements */ = {isa = PBXFileReference; lastKnownFileType = text.plist.entitlements; path = ToiletCheckIn.entitlements; sourceTree = "<group>"; };
		C3CE23262AD393D00091FFC6 /* ToiletCheckInWidgetExtension.entitlements */ = {isa = PBXFileReference; lastKnownFileType = text.plist.entitlements; path = ToiletCheckInWidgetExtension.entitlements; sourceTree = "<group>"; };
		C3CE23272AD396990091FFC6 /* ToiletCheckInCore */ = {isa = PBXFileReference; lastKnownFileType = wrapper; path = ToiletCheckInCore; sourceTree = "<group>"; };
		C3CE232E2AD3E7420091FFC6 /* ToiletCheckInListView.swift */ = {isa = PBXFileReference; lastKnownFileType = sourcecode.swift; path = ToiletCheckInListView.swift; sourceTree = "<group>"; };
		C3CE23312AD3E7860091FFC6 /* ToiletAddView.swift */ = {isa = PBXFileReference; lastKnownFileType = sourcecode.swift; path = ToiletAddView.swift; sourceTree = "<group>"; };
		C3CE23372AD3EEAD0091FFC6 /* SettingView.swift */ = {isa = PBXFileReference; lastKnownFileType = sourcecode.swift; path = SettingView.swift; sourceTree = "<group>"; };
		C3CE233D2AD40B550091FFC6 /* ToiletCheckInDetailView.swift */ = {isa = PBXFileReference; lastKnownFileType = sourcecode.swift; path = ToiletCheckInDetailView.swift; sourceTree = "<group>"; };
		C3CE23412AD40E460091FFC6 /* FontSizeSliderView.swift */ = {isa = PBXFileReference; lastKnownFileType = sourcecode.swift; path = FontSizeSliderView.swift; sourceTree = "<group>"; };
		C3CE23442AD4115E0091FFC6 /* Font.swift */ = {isa = PBXFileReference; lastKnownFileType = sourcecode.swift; path = Font.swift; sourceTree = "<group>"; };
		C3CE23472AD4146E0091FFC6 /* UserDefaults.swift */ = {isa = PBXFileReference; lastKnownFileType = sourcecode.swift; path = UserDefaults.swift; sourceTree = "<group>"; };
		C3CE23492AD414F40091FFC6 /* AppState.swift */ = {isa = PBXFileReference; lastKnownFileType = sourcecode.swift; path = AppState.swift; sourceTree = "<group>"; };
/* End PBXFileReference section */

/* Begin PBXFrameworksBuildPhase section */
		C397E75B2ADBA4F000209F12 /* Frameworks */ = {
			isa = PBXFrameworksBuildPhase;
			buildActionMask = 2147483647;
			files = (
				C397E7722ADBA53A00209F12 /* ToiletCheckInCore in Frameworks */,
			);
			runOnlyForDeploymentPostprocessing = 0;
		};
		C397E78F2ADC01C600209F12 /* Frameworks */ = {
			isa = PBXFrameworksBuildPhase;
			buildActionMask = 2147483647;
			files = (
				C397E7942ADC01C600209F12 /* SwiftUI.framework in Frameworks */,
				C397E7932ADC01C600209F12 /* WidgetKit.framework in Frameworks */,
			);
			runOnlyForDeploymentPostprocessing = 0;
		};
		C3CE22D82AD392C00091FFC6 /* Frameworks */ = {
			isa = PBXFrameworksBuildPhase;
			buildActionMask = 2147483647;
			files = (
				C3CE23342AD3EAB10091FFC6 /* ToiletCheckInCore in Frameworks */,
			);
			runOnlyForDeploymentPostprocessing = 0;
		};
		C3CE22E82AD392C00091FFC6 /* Frameworks */ = {
			isa = PBXFrameworksBuildPhase;
			buildActionMask = 2147483647;
			files = (
				C3CE232C2AD3A46A0091FFC6 /* Testing in Frameworks */,
			);
			runOnlyForDeploymentPostprocessing = 0;
		};
		C3CE23092AD3937E0091FFC6 /* Frameworks */ = {
			isa = PBXFrameworksBuildPhase;
			buildActionMask = 2147483647;
			files = (
				C3CE23112AD3937E0091FFC6 /* SwiftUI.framework in Frameworks */,
				C3CE230F2AD3937E0091FFC6 /* WidgetKit.framework in Frameworks */,
				C3CE23362AD3EAB70091FFC6 /* ToiletCheckInCore in Frameworks */,
			);
			runOnlyForDeploymentPostprocessing = 0;
		};
/* End PBXFrameworksBuildPhase section */

/* Begin PBXGroup section */
		C397E75F2ADBA4F000209F12 /* ToiletCheckInWatchApp Watch App */ = {
			isa = PBXGroup;
			children = (
				C397E7772ADBFE7400209F12 /* ToiletCheckInWatchApp-Watch-App-Info.plist */,
				C397E7702ADBA50500209F12 /* ToiletCheckInWatchApp Watch App.entitlements */,
				C397E7602ADBA4F000209F12 /* ToiletCheckInWatchAppApp.swift */,
				C397E7622ADBA4F000209F12 /* ContentView.swift */,
				C397E7642ADBA4F100209F12 /* Assets.xcassets */,
				C397E7662ADBA4F100209F12 /* Preview Content */,
			);
			path = "ToiletCheckInWatchApp Watch App";
			sourceTree = "<group>";
		};
		C397E7662ADBA4F100209F12 /* Preview Content */ = {
			isa = PBXGroup;
			children = (
				C397E7672ADBA4F100209F12 /* Preview Assets.xcassets */,
			);
			path = "Preview Content";
			sourceTree = "<group>";
		};
		C397E7952ADC01C600209F12 /* ToiletCheckInWatchWidget */ = {
			isa = PBXGroup;
			children = (
				C397E7962ADC01C600209F12 /* ToiletCheckInWatchWidget.swift */,
				C397E7752ADBF3E900209F12 /* ComplicationController.swift */,
				C397E7982ADC01C700209F12 /* Assets.xcassets */,
				C397E79A2ADC01C700209F12 /* Info.plist */,
			);
			path = ToiletCheckInWatchWidget;
			sourceTree = "<group>";
		};
		C3CE22D22AD392BF0091FFC6 = {
			isa = PBXGroup;
			children = (
				C3CE23272AD396990091FFC6 /* ToiletCheckInCore */,
				C3CE23262AD393D00091FFC6 /* ToiletCheckInWidgetExtension.entitlements */,
				C3CE22DD2AD392C00091FFC6 /* ToiletCheckIn */,
				C3CE22EE2AD392C00091FFC6 /* ToiletCheckInTests */,
				C3CE23122AD3937E0091FFC6 /* ToiletCheckInWidget */,
				C397E75F2ADBA4F000209F12 /* ToiletCheckInWatchApp Watch App */,
				C397E7952ADC01C600209F12 /* ToiletCheckInWatchWidget */,
				C3CE230D2AD3937E0091FFC6 /* Frameworks */,
				C3CE22DC2AD392C00091FFC6 /* Products */,
			);
			sourceTree = "<group>";
		};
		C3CE22DC2AD392C00091FFC6 /* Products */ = {
			isa = PBXGroup;
			children = (
				C3CE22DB2AD392C00091FFC6 /* ToiletCheckIn.app */,
				C3CE22EB2AD392C00091FFC6 /* ToiletCheckInTests.xctest */,
				C3CE230C2AD3937E0091FFC6 /* ToiletCheckInWidgetExtension.appex */,
				C397E75E2ADBA4F000209F12 /* トイレチェックイン.app */,
				C397E7922ADC01C600209F12 /* ToiletCheckInWatchWidgetExtension.appex */,
			);
			name = Products;
			sourceTree = "<group>";
		};
		C3CE22DD2AD392C00091FFC6 /* ToiletCheckIn */ = {
			isa = PBXGroup;
			children = (
				C3CE23462AD414630091FFC6 /* Utils */,
				C3CE23432AD411160091FFC6 /* Extensions */,
				C3CE23302AD3E7700091FFC6 /* Views */,
				C3CE23252AD393C40091FFC6 /* ToiletCheckIn.entitlements */,
				C3CE22DE2AD392C00091FFC6 /* ToiletCheckInApp.swift */,
				C3CE22E02AD392C00091FFC6 /* ContentView.swift */,
				C3CE22E22AD392C00091FFC6 /* Assets.xcassets */,
				C3CE22E42AD392C00091FFC6 /* Preview Content */,
			);
			path = ToiletCheckIn;
			sourceTree = "<group>";
		};
		C3CE22E42AD392C00091FFC6 /* Preview Content */ = {
			isa = PBXGroup;
			children = (
				C3CE22E52AD392C00091FFC6 /* Preview Assets.xcassets */,
			);
			path = "Preview Content";
			sourceTree = "<group>";
		};
		C3CE22EE2AD392C00091FFC6 /* ToiletCheckInTests */ = {
			isa = PBXGroup;
			children = (
				C3CE22EF2AD392C00091FFC6 /* ToiletCheckInTests.swift */,
			);
			path = ToiletCheckInTests;
			sourceTree = "<group>";
		};
		C3CE230D2AD3937E0091FFC6 /* Frameworks */ = {
			isa = PBXGroup;
			children = (
				C3CE230E2AD3937E0091FFC6 /* WidgetKit.framework */,
				C3CE23102AD3937E0091FFC6 /* SwiftUI.framework */,
			);
			name = Frameworks;
			sourceTree = "<group>";
		};
		C3CE23122AD3937E0091FFC6 /* ToiletCheckInWidget */ = {
			isa = PBXGroup;
			children = (
				C3CE23132AD3937E0091FFC6 /* ToiletCheckInWidgetBundle.swift */,
				C3CE23152AD3937E0091FFC6 /* ToiletCheckInWidgetLiveActivity.swift */,
				C3CE23172AD3937E0091FFC6 /* ToiletCheckInWidget.swift */,
				C3CE23192AD3937E0091FFC6 /* AppIntent.swift */,
				C3CE231B2AD3937F0091FFC6 /* Assets.xcassets */,
				C3CE231D2AD3937F0091FFC6 /* Info.plist */,
			);
			path = ToiletCheckInWidget;
			sourceTree = "<group>";
		};
		C3CE23302AD3E7700091FFC6 /* Views */ = {
			isa = PBXGroup;
			children = (
				C3CE23402AD40E2D0091FFC6 /* Setting */,
				C3CE23312AD3E7860091FFC6 /* ToiletAddView.swift */,
				C3CE232E2AD3E7420091FFC6 /* ToiletCheckInListView.swift */,
				C3CE233D2AD40B550091FFC6 /* ToiletCheckInDetailView.swift */,
			);
			path = Views;
			sourceTree = "<group>";
		};
		C3CE23402AD40E2D0091FFC6 /* Setting */ = {
			isa = PBXGroup;
			children = (
				C3CE23372AD3EEAD0091FFC6 /* SettingView.swift */,
				C3CE23412AD40E460091FFC6 /* FontSizeSliderView.swift */,
			);
			path = Setting;
			sourceTree = "<group>";
		};
		C3CE23432AD411160091FFC6 /* Extensions */ = {
			isa = PBXGroup;
			children = (
				C3CE23442AD4115E0091FFC6 /* Font.swift */,
			);
			path = Extensions;
			sourceTree = "<group>";
		};
		C3CE23462AD414630091FFC6 /* Utils */ = {
			isa = PBXGroup;
			children = (
				C3CE23472AD4146E0091FFC6 /* UserDefaults.swift */,
				C3CE23492AD414F40091FFC6 /* AppState.swift */,
			);
			path = Utils;
			sourceTree = "<group>";
		};
/* End PBXGroup section */

/* Begin PBXNativeTarget section */
		C397E75D2ADBA4F000209F12 /* ToiletCheckInWatchApp Watch App */ = {
			isa = PBXNativeTarget;
			buildConfigurationList = C397E76F2ADBA4F100209F12 /* Build configuration list for PBXNativeTarget "ToiletCheckInWatchApp Watch App" */;
			buildPhases = (
				C397E75A2ADBA4F000209F12 /* Sources */,
				C397E75B2ADBA4F000209F12 /* Frameworks */,
				C397E75C2ADBA4F000209F12 /* Resources */,
				C397E78D2ADBFF3D00209F12 /* Embed Foundation Extensions */,
			);
			buildRules = (
			);
			dependencies = (
				C397E79C2ADC01C700209F12 /* PBXTargetDependency */,
			);
			name = "ToiletCheckInWatchApp Watch App";
			packageProductDependencies = (
				C397E7712ADBA53A00209F12 /* ToiletCheckInCore */,
			);
			productName = "ToiletCheckInWatchApp Watch App";
			productReference = C397E75E2ADBA4F000209F12 /* トイレチェックイン.app */;
			productType = "com.apple.product-type.application";
		};
		C397E7912ADC01C600209F12 /* ToiletCheckInWatchWidgetExtension */ = {
			isa = PBXNativeTarget;
			buildConfigurationList = C397E79E2ADC01C700209F12 /* Build configuration list for PBXNativeTarget "ToiletCheckInWatchWidgetExtension" */;
			buildPhases = (
				C397E78E2ADC01C600209F12 /* Sources */,
				C397E78F2ADC01C600209F12 /* Frameworks */,
				C397E7902ADC01C600209F12 /* Resources */,
			);
			buildRules = (
			);
			dependencies = (
			);
			name = ToiletCheckInWatchWidgetExtension;
			productName = ToiletCheckInWatchWidgetExtension;
			productReference = C397E7922ADC01C600209F12 /* ToiletCheckInWatchWidgetExtension.appex */;
			productType = "com.apple.product-type.app-extension";
		};
		C3CE22DA2AD392C00091FFC6 /* ToiletCheckIn */ = {
			isa = PBXNativeTarget;
			buildConfigurationList = C3CE22FF2AD392C00091FFC6 /* Build configuration list for PBXNativeTarget "ToiletCheckIn" */;
			buildPhases = (
				C3CE22D72AD392C00091FFC6 /* Sources */,
				C3CE22D82AD392C00091FFC6 /* Frameworks */,
				C3CE22D92AD392C00091FFC6 /* Resources */,
				C3CE23242AD3937F0091FFC6 /* Embed Foundation Extensions */,
				C397E76C2ADBA4F100209F12 /* Embed Watch Content */,
			);
			buildRules = (
			);
			dependencies = (
				C3CE231F2AD3937F0091FFC6 /* PBXTargetDependency */,
				C397E76A2ADBA4F100209F12 /* PBXTargetDependency */,
			);
			name = ToiletCheckIn;
			packageProductDependencies = (
				C3CE23332AD3EAB10091FFC6 /* ToiletCheckInCore */,
			);
			productName = ToiletCheckIn;
			productReference = C3CE22DB2AD392C00091FFC6 /* ToiletCheckIn.app */;
			productType = "com.apple.product-type.application";
		};
		C3CE22EA2AD392C00091FFC6 /* ToiletCheckInTests */ = {
			isa = PBXNativeTarget;
			buildConfigurationList = C3CE23022AD392C00091FFC6 /* Build configuration list for PBXNativeTarget "ToiletCheckInTests" */;
			buildPhases = (
				C3CE22E72AD392C00091FFC6 /* Sources */,
				C3CE22E82AD392C00091FFC6 /* Frameworks */,
				C3CE22E92AD392C00091FFC6 /* Resources */,
			);
			buildRules = (
			);
			dependencies = (
				C3CE22ED2AD392C00091FFC6 /* PBXTargetDependency */,
			);
			name = ToiletCheckInTests;
			packageProductDependencies = (
				C3CE232B2AD3A46A0091FFC6 /* Testing */,
			);
			productName = ToiletCheckInTests;
			productReference = C3CE22EB2AD392C00091FFC6 /* ToiletCheckInTests.xctest */;
			productType = "com.apple.product-type.bundle.unit-test";
		};
		C3CE230B2AD3937E0091FFC6 /* ToiletCheckInWidgetExtension */ = {
			isa = PBXNativeTarget;
			buildConfigurationList = C3CE23212AD3937F0091FFC6 /* Build configuration list for PBXNativeTarget "ToiletCheckInWidgetExtension" */;
			buildPhases = (
				C3CE23082AD3937E0091FFC6 /* Sources */,
				C3CE23092AD3937E0091FFC6 /* Frameworks */,
				C3CE230A2AD3937E0091FFC6 /* Resources */,
			);
			buildRules = (
			);
			dependencies = (
			);
			name = ToiletCheckInWidgetExtension;
			packageProductDependencies = (
				C3CE23352AD3EAB70091FFC6 /* ToiletCheckInCore */,
			);
			productName = ToiletCheckInWidgetExtension;
			productReference = C3CE230C2AD3937E0091FFC6 /* ToiletCheckInWidgetExtension.appex */;
			productType = "com.apple.product-type.app-extension";
		};
/* End PBXNativeTarget section */

/* Begin PBXProject section */
		C3CE22D32AD392BF0091FFC6 /* Project object */ = {
			isa = PBXProject;
			attributes = {
				BuildIndependentTargetsInParallel = 1;
				LastSwiftUpdateCheck = 1510;
				LastUpgradeCheck = 1500;
				TargetAttributes = {
					C397E75D2ADBA4F000209F12 = {
						CreatedOnToolsVersion = 15.1;
					};
					C397E7912ADC01C600209F12 = {
						CreatedOnToolsVersion = 15.1;
					};
					C3CE22DA2AD392C00091FFC6 = {
						CreatedOnToolsVersion = 15.0;
					};
					C3CE22EA2AD392C00091FFC6 = {
						CreatedOnToolsVersion = 15.0;
						TestTargetID = C3CE22DA2AD392C00091FFC6;
					};
					C3CE230B2AD3937E0091FFC6 = {
						CreatedOnToolsVersion = 15.0;
					};
				};
			};
			buildConfigurationList = C3CE22D62AD392BF0091FFC6 /* Build configuration list for PBXProject "ToiletCheckIn" */;
			compatibilityVersion = "Xcode 14.0";
			developmentRegion = en;
			hasScannedForEncodings = 0;
			knownRegions = (
				en,
				Base,
			);
			mainGroup = C3CE22D22AD392BF0091FFC6;
			packageReferences = (
				C3CE23282AD3A4570091FFC6 /* XCRemoteSwiftPackageReference "swift-testing" */,
				C3CE232D2AD3E03F0091FFC6 /* XCRemoteSwiftPackageReference "swift-algorithms" */,
			);
			productRefGroup = C3CE22DC2AD392C00091FFC6 /* Products */;
			projectDirPath = "";
			projectRoot = "";
			targets = (
				C3CE22DA2AD392C00091FFC6 /* ToiletCheckIn */,
				C3CE22EA2AD392C00091FFC6 /* ToiletCheckInTests */,
				C3CE230B2AD3937E0091FFC6 /* ToiletCheckInWidgetExtension */,
				C397E75D2ADBA4F000209F12 /* ToiletCheckInWatchApp Watch App */,
				C397E7912ADC01C600209F12 /* ToiletCheckInWatchWidgetExtension */,
			);
		};
/* End PBXProject section */

/* Begin PBXResourcesBuildPhase section */
		C397E75C2ADBA4F000209F12 /* Resources */ = {
			isa = PBXResourcesBuildPhase;
			buildActionMask = 2147483647;
			files = (
				C397E7682ADBA4F100209F12 /* Preview Assets.xcassets in Resources */,
				C397E7652ADBA4F100209F12 /* Assets.xcassets in Resources */,
			);
			runOnlyForDeploymentPostprocessing = 0;
		};
		C397E7902ADC01C600209F12 /* Resources */ = {
			isa = PBXResourcesBuildPhase;
			buildActionMask = 2147483647;
			files = (
				C397E7992ADC01C700209F12 /* Assets.xcassets in Resources */,
			);
			runOnlyForDeploymentPostprocessing = 0;
		};
		C3CE22D92AD392C00091FFC6 /* Resources */ = {
			isa = PBXResourcesBuildPhase;
			buildActionMask = 2147483647;
			files = (
				C3CE22E62AD392C00091FFC6 /* Preview Assets.xcassets in Resources */,
				C3CE22E32AD392C00091FFC6 /* Assets.xcassets in Resources */,
			);
			runOnlyForDeploymentPostprocessing = 0;
		};
		C3CE22E92AD392C00091FFC6 /* Resources */ = {
			isa = PBXResourcesBuildPhase;
			buildActionMask = 2147483647;
			files = (
			);
			runOnlyForDeploymentPostprocessing = 0;
		};
		C3CE230A2AD3937E0091FFC6 /* Resources */ = {
			isa = PBXResourcesBuildPhase;
			buildActionMask = 2147483647;
			files = (
				C3CE231C2AD3937F0091FFC6 /* Assets.xcassets in Resources */,
			);
			runOnlyForDeploymentPostprocessing = 0;
		};
/* End PBXResourcesBuildPhase section */

/* Begin PBXSourcesBuildPhase section */
		C397E75A2ADBA4F000209F12 /* Sources */ = {
			isa = PBXSourcesBuildPhase;
			buildActionMask = 2147483647;
			files = (
				C397E7632ADBA4F000209F12 /* ContentView.swift in Sources */,
				C397E7612ADBA4F000209F12 /* ToiletCheckInWatchAppApp.swift in Sources */,
			);
			runOnlyForDeploymentPostprocessing = 0;
		};
		C397E78E2ADC01C600209F12 /* Sources */ = {
			isa = PBXSourcesBuildPhase;
			buildActionMask = 2147483647;
			files = (
				C397E7972ADC01C600209F12 /* ToiletCheckInWatchWidget.swift in Sources */,
				C397E7A12ADC01E600209F12 /* ComplicationController.swift in Sources */,
			);
			runOnlyForDeploymentPostprocessing = 0;
		};
		C3CE22D72AD392C00091FFC6 /* Sources */ = {
			isa = PBXSourcesBuildPhase;
			buildActionMask = 2147483647;
			files = (
				C3CE23382AD3EEAD0091FFC6 /* SettingView.swift in Sources */,
				C3CE234A2AD414F40091FFC6 /* AppState.swift in Sources */,
				C3CE22E12AD392C00091FFC6 /* ContentView.swift in Sources */,
				C3CE233E2AD40B550091FFC6 /* ToiletCheckInDetailView.swift in Sources */,
				C3CE22DF2AD392C00091FFC6 /* ToiletCheckInApp.swift in Sources */,
				C3CE23452AD4115E0091FFC6 /* Font.swift in Sources */,
				C3CE23482AD4146E0091FFC6 /* UserDefaults.swift in Sources */,
				C3CE232F2AD3E7420091FFC6 /* ToiletCheckInListView.swift in Sources */,
				C3CE23322AD3E7860091FFC6 /* ToiletAddView.swift in Sources */,
				C3CE23422AD40E460091FFC6 /* FontSizeSliderView.swift in Sources */,
			);
			runOnlyForDeploymentPostprocessing = 0;
		};
		C3CE22E72AD392C00091FFC6 /* Sources */ = {
			isa = PBXSourcesBuildPhase;
			buildActionMask = 2147483647;
			files = (
				C3CE22F02AD392C00091FFC6 /* ToiletCheckInTests.swift in Sources */,
			);
			runOnlyForDeploymentPostprocessing = 0;
		};
		C3CE23082AD3937E0091FFC6 /* Sources */ = {
			isa = PBXSourcesBuildPhase;
			buildActionMask = 2147483647;
			files = (
				C3CE23142AD3937E0091FFC6 /* ToiletCheckInWidgetBundle.swift in Sources */,
				C3CE231A2AD3937E0091FFC6 /* AppIntent.swift in Sources */,
				C3CE23162AD3937E0091FFC6 /* ToiletCheckInWidgetLiveActivity.swift in Sources */,
				C3CE23182AD3937E0091FFC6 /* ToiletCheckInWidget.swift in Sources */,
			);
			runOnlyForDeploymentPostprocessing = 0;
		};
/* End PBXSourcesBuildPhase section */

/* Begin PBXTargetDependency section */
		C397E76A2ADBA4F100209F12 /* PBXTargetDependency */ = {
			isa = PBXTargetDependency;
			target = C397E75D2ADBA4F000209F12 /* ToiletCheckInWatchApp Watch App */;
			targetProxy = C397E7692ADBA4F100209F12 /* PBXContainerItemProxy */;
		};
		C397E79C2ADC01C700209F12 /* PBXTargetDependency */ = {
			isa = PBXTargetDependency;
			target = C397E7912ADC01C600209F12 /* ToiletCheckInWatchWidgetExtension */;
			targetProxy = C397E79B2ADC01C700209F12 /* PBXContainerItemProxy */;
		};
		C3CE22ED2AD392C00091FFC6 /* PBXTargetDependency */ = {
			isa = PBXTargetDependency;
			target = C3CE22DA2AD392C00091FFC6 /* ToiletCheckIn */;
			targetProxy = C3CE22EC2AD392C00091FFC6 /* PBXContainerItemProxy */;
		};
		C3CE231F2AD3937F0091FFC6 /* PBXTargetDependency */ = {
			isa = PBXTargetDependency;
			target = C3CE230B2AD3937E0091FFC6 /* ToiletCheckInWidgetExtension */;
			targetProxy = C3CE231E2AD3937F0091FFC6 /* PBXContainerItemProxy */;
		};
/* End PBXTargetDependency section */

/* Begin XCBuildConfiguration section */
		C397E76D2ADBA4F100209F12 /* Debug */ = {
			isa = XCBuildConfiguration;
			buildSettings = {
				ALWAYS_EMBED_SWIFT_STANDARD_LIBRARIES = YES;
				ASSETCATALOG_COMPILER_APPICON_NAME = AppIcon;
				ASSETCATALOG_COMPILER_GLOBAL_ACCENT_COLOR_NAME = AccentColor;
				CODE_SIGN_ENTITLEMENTS = "ToiletCheckInWatchApp Watch App/ToiletCheckInWatchApp Watch App.entitlements";
				CODE_SIGN_STYLE = Automatic;
				CURRENT_PROJECT_VERSION = 2;
				DEVELOPMENT_ASSET_PATHS = "\"ToiletCheckInWatchApp Watch App/Preview Content\"";
				DEVELOPMENT_TEAM = 669226BDWM;
				ENABLE_PREVIEWS = YES;
				GENERATE_INFOPLIST_FILE = YES;
				INFOPLIST_FILE = "ToiletCheckInWatchApp-Watch-App-Info.plist";
				INFOPLIST_KEY_CLKComplicationPrincipalClass = ComplicationController;
				INFOPLIST_KEY_LSApplicationCategoryType = "";
				INFOPLIST_KEY_UISupportedInterfaceOrientations = "UIInterfaceOrientationPortrait UIInterfaceOrientationPortraitUpsideDown";
				INFOPLIST_KEY_WKCompanionAppBundleIdentifier = yugo.sugiyama.toiletCheckIn;
				LD_RUNPATH_SEARCH_PATHS = (
					"$(inherited)",
					"@executable_path/Frameworks",
				);
				MARKETING_VERSION = 1.0.0;
				PRODUCT_BUNDLE_IDENTIFIER = yugo.sugiyama.toiletCheckIn.watchkitapp;
				PRODUCT_NAME = "トイレチェックイン";
				SDKROOT = watchos;
				SKIP_INSTALL = YES;
				SWIFT_EMIT_LOC_STRINGS = YES;
				SWIFT_VERSION = 5.0;
				TARGETED_DEVICE_FAMILY = 4;
				WATCHOS_DEPLOYMENT_TARGET = 10.0;
			};
			name = Debug;
		};
		C397E76E2ADBA4F100209F12 /* Release */ = {
			isa = XCBuildConfiguration;
			buildSettings = {
				ALWAYS_EMBED_SWIFT_STANDARD_LIBRARIES = YES;
				ASSETCATALOG_COMPILER_APPICON_NAME = AppIcon;
				ASSETCATALOG_COMPILER_GLOBAL_ACCENT_COLOR_NAME = AccentColor;
				CODE_SIGN_ENTITLEMENTS = "ToiletCheckInWatchApp Watch App/ToiletCheckInWatchApp Watch App.entitlements";
				CODE_SIGN_STYLE = Automatic;
				CURRENT_PROJECT_VERSION = 2;
				DEVELOPMENT_ASSET_PATHS = "\"ToiletCheckInWatchApp Watch App/Preview Content\"";
				DEVELOPMENT_TEAM = 669226BDWM;
				ENABLE_PREVIEWS = YES;
				GENERATE_INFOPLIST_FILE = YES;
				INFOPLIST_FILE = "ToiletCheckInWatchApp-Watch-App-Info.plist";
				INFOPLIST_KEY_CLKComplicationPrincipalClass = ComplicationController;
				INFOPLIST_KEY_LSApplicationCategoryType = "";
				INFOPLIST_KEY_UISupportedInterfaceOrientations = "UIInterfaceOrientationPortrait UIInterfaceOrientationPortraitUpsideDown";
				INFOPLIST_KEY_WKCompanionAppBundleIdentifier = yugo.sugiyama.toiletCheckIn;
				LD_RUNPATH_SEARCH_PATHS = (
					"$(inherited)",
					"@executable_path/Frameworks",
				);
				MARKETING_VERSION = 1.0.0;
				PRODUCT_BUNDLE_IDENTIFIER = yugo.sugiyama.toiletCheckIn.watchkitapp;
				PRODUCT_NAME = "トイレチェックイン";
				SDKROOT = watchos;
				SKIP_INSTALL = YES;
				SWIFT_EMIT_LOC_STRINGS = YES;
				SWIFT_VERSION = 5.0;
				TARGETED_DEVICE_FAMILY = 4;
				WATCHOS_DEPLOYMENT_TARGET = 10.0;
			};
			name = Release;
		};
		C397E79F2ADC01C700209F12 /* Debug */ = {
			isa = XCBuildConfiguration;
			buildSettings = {
				ASSETCATALOG_COMPILER_GLOBAL_ACCENT_COLOR_NAME = AccentColor;
				ASSETCATALOG_COMPILER_WIDGET_BACKGROUND_COLOR_NAME = WidgetBackground;
				CODE_SIGN_STYLE = Automatic;
				CURRENT_PROJECT_VERSION = 1;
				DEVELOPMENT_TEAM = 669226BDWM;
				GENERATE_INFOPLIST_FILE = YES;
				INFOPLIST_FILE = ToiletCheckInWatchWidget/Info.plist;
				INFOPLIST_KEY_CFBundleDisplayName = ToiletCheckInWatchWidget;
				INFOPLIST_KEY_NSHumanReadableCopyright = "";
				LD_RUNPATH_SEARCH_PATHS = (
					"$(inherited)",
					"@executable_path/Frameworks",
					"@executable_path/../../Frameworks",
					"@executable_path/../../../../Frameworks",
				);
				MARKETING_VERSION = 1.0;
				PRODUCT_BUNDLE_IDENTIFIER = yugo.sugiyama.toiletCheckIn.watchkitapp.ToiletCheckInWatchWidget;
				PRODUCT_NAME = "$(TARGET_NAME)";
				SDKROOT = watchos;
				SKIP_INSTALL = YES;
				SWIFT_EMIT_LOC_STRINGS = YES;
				SWIFT_VERSION = 5.0;
				TARGETED_DEVICE_FAMILY = 4;
				WATCHOS_DEPLOYMENT_TARGET = 10.0;
			};
			name = Debug;
		};
		C397E7A02ADC01C700209F12 /* Release */ = {
			isa = XCBuildConfiguration;
			buildSettings = {
				ASSETCATALOG_COMPILER_GLOBAL_ACCENT_COLOR_NAME = AccentColor;
				ASSETCATALOG_COMPILER_WIDGET_BACKGROUND_COLOR_NAME = WidgetBackground;
				CODE_SIGN_STYLE = Automatic;
				CURRENT_PROJECT_VERSION = 1;
				DEVELOPMENT_TEAM = 669226BDWM;
				GENERATE_INFOPLIST_FILE = YES;
				INFOPLIST_FILE = ToiletCheckInWatchWidget/Info.plist;
				INFOPLIST_KEY_CFBundleDisplayName = ToiletCheckInWatchWidget;
				INFOPLIST_KEY_NSHumanReadableCopyright = "";
				LD_RUNPATH_SEARCH_PATHS = (
					"$(inherited)",
					"@executable_path/Frameworks",
					"@executable_path/../../Frameworks",
					"@executable_path/../../../../Frameworks",
				);
				MARKETING_VERSION = 1.0;
				PRODUCT_BUNDLE_IDENTIFIER = yugo.sugiyama.toiletCheckIn.watchkitapp.ToiletCheckInWatchWidget;
				PRODUCT_NAME = "$(TARGET_NAME)";
				SDKROOT = watchos;
				SKIP_INSTALL = YES;
				SWIFT_EMIT_LOC_STRINGS = YES;
				SWIFT_VERSION = 5.0;
				TARGETED_DEVICE_FAMILY = 4;
				WATCHOS_DEPLOYMENT_TARGET = 10.0;
			};
			name = Release;
		};
		C3CE22FD2AD392C00091FFC6 /* Debug */ = {
			isa = XCBuildConfiguration;
			buildSettings = {
				ALWAYS_SEARCH_USER_PATHS = NO;
				ASSETCATALOG_COMPILER_GENERATE_SWIFT_ASSET_SYMBOL_EXTENSIONS = YES;
				CLANG_ANALYZER_NONNULL = YES;
				CLANG_ANALYZER_NUMBER_OBJECT_CONVERSION = YES_AGGRESSIVE;
				CLANG_CXX_LANGUAGE_STANDARD = "gnu++20";
				CLANG_ENABLE_MODULES = YES;
				CLANG_ENABLE_OBJC_ARC = YES;
				CLANG_ENABLE_OBJC_WEAK = YES;
				CLANG_WARN_BLOCK_CAPTURE_AUTORELEASING = YES;
				CLANG_WARN_BOOL_CONVERSION = YES;
				CLANG_WARN_COMMA = YES;
				CLANG_WARN_CONSTANT_CONVERSION = YES;
				CLANG_WARN_DEPRECATED_OBJC_IMPLEMENTATIONS = YES;
				CLANG_WARN_DIRECT_OBJC_ISA_USAGE = YES_ERROR;
				CLANG_WARN_DOCUMENTATION_COMMENTS = YES;
				CLANG_WARN_EMPTY_BODY = YES;
				CLANG_WARN_ENUM_CONVERSION = YES;
				CLANG_WARN_INFINITE_RECURSION = YES;
				CLANG_WARN_INT_CONVERSION = YES;
				CLANG_WARN_NON_LITERAL_NULL_CONVERSION = YES;
				CLANG_WARN_OBJC_IMPLICIT_RETAIN_SELF = YES;
				CLANG_WARN_OBJC_LITERAL_CONVERSION = YES;
				CLANG_WARN_OBJC_ROOT_CLASS = YES_ERROR;
				CLANG_WARN_QUOTED_INCLUDE_IN_FRAMEWORK_HEADER = YES;
				CLANG_WARN_RANGE_LOOP_ANALYSIS = YES;
				CLANG_WARN_STRICT_PROTOTYPES = YES;
				CLANG_WARN_SUSPICIOUS_MOVE = YES;
				CLANG_WARN_UNGUARDED_AVAILABILITY = YES_AGGRESSIVE;
				CLANG_WARN_UNREACHABLE_CODE = YES;
				CLANG_WARN__DUPLICATE_METHOD_MATCH = YES;
				COPY_PHASE_STRIP = NO;
				DEBUG_INFORMATION_FORMAT = dwarf;
				ENABLE_STRICT_OBJC_MSGSEND = YES;
				ENABLE_TESTABILITY = YES;
				ENABLE_USER_SCRIPT_SANDBOXING = YES;
				GCC_C_LANGUAGE_STANDARD = gnu17;
				GCC_DYNAMIC_NO_PIC = NO;
				GCC_NO_COMMON_BLOCKS = YES;
				GCC_OPTIMIZATION_LEVEL = 0;
				GCC_PREPROCESSOR_DEFINITIONS = (
					"DEBUG=1",
					"$(inherited)",
				);
				GCC_WARN_64_TO_32_BIT_CONVERSION = YES;
				GCC_WARN_ABOUT_RETURN_TYPE = YES_ERROR;
				GCC_WARN_UNDECLARED_SELECTOR = YES;
				GCC_WARN_UNINITIALIZED_AUTOS = YES_AGGRESSIVE;
				GCC_WARN_UNUSED_FUNCTION = YES;
				GCC_WARN_UNUSED_VARIABLE = YES;
				IPHONEOS_DEPLOYMENT_TARGET = 17.0;
				LOCALIZATION_PREFERS_STRING_CATALOGS = YES;
				MTL_ENABLE_DEBUG_INFO = INCLUDE_SOURCE;
				MTL_FAST_MATH = YES;
				ONLY_ACTIVE_ARCH = YES;
				SDKROOT = iphoneos;
				SWIFT_ACTIVE_COMPILATION_CONDITIONS = "DEBUG $(inherited)";
				SWIFT_OPTIMIZATION_LEVEL = "-Onone";
			};
			name = Debug;
		};
		C3CE22FE2AD392C00091FFC6 /* Release */ = {
			isa = XCBuildConfiguration;
			buildSettings = {
				ALWAYS_SEARCH_USER_PATHS = NO;
				ASSETCATALOG_COMPILER_GENERATE_SWIFT_ASSET_SYMBOL_EXTENSIONS = YES;
				CLANG_ANALYZER_NONNULL = YES;
				CLANG_ANALYZER_NUMBER_OBJECT_CONVERSION = YES_AGGRESSIVE;
				CLANG_CXX_LANGUAGE_STANDARD = "gnu++20";
				CLANG_ENABLE_MODULES = YES;
				CLANG_ENABLE_OBJC_ARC = YES;
				CLANG_ENABLE_OBJC_WEAK = YES;
				CLANG_WARN_BLOCK_CAPTURE_AUTORELEASING = YES;
				CLANG_WARN_BOOL_CONVERSION = YES;
				CLANG_WARN_COMMA = YES;
				CLANG_WARN_CONSTANT_CONVERSION = YES;
				CLANG_WARN_DEPRECATED_OBJC_IMPLEMENTATIONS = YES;
				CLANG_WARN_DIRECT_OBJC_ISA_USAGE = YES_ERROR;
				CLANG_WARN_DOCUMENTATION_COMMENTS = YES;
				CLANG_WARN_EMPTY_BODY = YES;
				CLANG_WARN_ENUM_CONVERSION = YES;
				CLANG_WARN_INFINITE_RECURSION = YES;
				CLANG_WARN_INT_CONVERSION = YES;
				CLANG_WARN_NON_LITERAL_NULL_CONVERSION = YES;
				CLANG_WARN_OBJC_IMPLICIT_RETAIN_SELF = YES;
				CLANG_WARN_OBJC_LITERAL_CONVERSION = YES;
				CLANG_WARN_OBJC_ROOT_CLASS = YES_ERROR;
				CLANG_WARN_QUOTED_INCLUDE_IN_FRAMEWORK_HEADER = YES;
				CLANG_WARN_RANGE_LOOP_ANALYSIS = YES;
				CLANG_WARN_STRICT_PROTOTYPES = YES;
				CLANG_WARN_SUSPICIOUS_MOVE = YES;
				CLANG_WARN_UNGUARDED_AVAILABILITY = YES_AGGRESSIVE;
				CLANG_WARN_UNREACHABLE_CODE = YES;
				CLANG_WARN__DUPLICATE_METHOD_MATCH = YES;
				COPY_PHASE_STRIP = NO;
				DEBUG_INFORMATION_FORMAT = "dwarf-with-dsym";
				ENABLE_NS_ASSERTIONS = NO;
				ENABLE_STRICT_OBJC_MSGSEND = YES;
				ENABLE_USER_SCRIPT_SANDBOXING = YES;
				GCC_C_LANGUAGE_STANDARD = gnu17;
				GCC_NO_COMMON_BLOCKS = YES;
				GCC_WARN_64_TO_32_BIT_CONVERSION = YES;
				GCC_WARN_ABOUT_RETURN_TYPE = YES_ERROR;
				GCC_WARN_UNDECLARED_SELECTOR = YES;
				GCC_WARN_UNINITIALIZED_AUTOS = YES_AGGRESSIVE;
				GCC_WARN_UNUSED_FUNCTION = YES;
				GCC_WARN_UNUSED_VARIABLE = YES;
				IPHONEOS_DEPLOYMENT_TARGET = 17.0;
				LOCALIZATION_PREFERS_STRING_CATALOGS = YES;
				MTL_ENABLE_DEBUG_INFO = NO;
				MTL_FAST_MATH = YES;
				SDKROOT = iphoneos;
				SWIFT_COMPILATION_MODE = wholemodule;
				VALIDATE_PRODUCT = YES;
			};
			name = Release;
		};
		C3CE23002AD392C00091FFC6 /* Debug */ = {
			isa = XCBuildConfiguration;
			buildSettings = {
				ALWAYS_EMBED_SWIFT_STANDARD_LIBRARIES = YES;
				ASSETCATALOG_COMPILER_APPICON_NAME = AppIcon;
				ASSETCATALOG_COMPILER_GLOBAL_ACCENT_COLOR_NAME = AccentColor;
				CODE_SIGN_ENTITLEMENTS = ToiletCheckIn/ToiletCheckIn.entitlements;
				CODE_SIGN_STYLE = Automatic;
				CURRENT_PROJECT_VERSION = 2;
				DEVELOPMENT_ASSET_PATHS = "\"ToiletCheckIn/Preview Content\"";
				DEVELOPMENT_TEAM = 669226BDWM;
				ENABLE_PREVIEWS = YES;
				GENERATE_INFOPLIST_FILE = YES;
				INFOPLIST_KEY_CFBundleDisplayName = "トイレチェックイン";
				INFOPLIST_KEY_LSApplicationCategoryType = "public.app-category.healthcare-fitness";
				INFOPLIST_KEY_UIApplicationSceneManifest_Generation = YES;
				INFOPLIST_KEY_UIApplicationSupportsIndirectInputEvents = YES;
				INFOPLIST_KEY_UILaunchScreen_Generation = YES;
				INFOPLIST_KEY_UISupportedInterfaceOrientations = "UIInterfaceOrientationLandscapeLeft UIInterfaceOrientationPortrait UIInterfaceOrientationPortraitUpsideDown";
				INFOPLIST_KEY_UISupportedInterfaceOrientations_iPad = "UIInterfaceOrientationLandscapeLeft UIInterfaceOrientationLandscapeRight UIInterfaceOrientationPortrait UIInterfaceOrientationPortraitUpsideDown";
				LD_RUNPATH_SEARCH_PATHS = (
					"$(inherited)",
					"@executable_path/Frameworks",
				);
				MARKETING_VERSION = 1.0.0;
				PRODUCT_BUNDLE_IDENTIFIER = yugo.sugiyama.toiletCheckIn;
				PRODUCT_NAME = "$(TARGET_NAME)";
				SWIFT_EMIT_LOC_STRINGS = YES;
				SWIFT_VERSION = 5.0;
				TARGETED_DEVICE_FAMILY = "1,2";
			};
			name = Debug;
		};
		C3CE23012AD392C00091FFC6 /* Release */ = {
			isa = XCBuildConfiguration;
			buildSettings = {
				ALWAYS_EMBED_SWIFT_STANDARD_LIBRARIES = YES;
				ASSETCATALOG_COMPILER_APPICON_NAME = AppIcon;
				ASSETCATALOG_COMPILER_GLOBAL_ACCENT_COLOR_NAME = AccentColor;
				CODE_SIGN_ENTITLEMENTS = ToiletCheckIn/ToiletCheckIn.entitlements;
				CODE_SIGN_STYLE = Automatic;
				CURRENT_PROJECT_VERSION = 2;
				DEVELOPMENT_ASSET_PATHS = "\"ToiletCheckIn/Preview Content\"";
				DEVELOPMENT_TEAM = 669226BDWM;
				ENABLE_PREVIEWS = YES;
				GENERATE_INFOPLIST_FILE = YES;
				INFOPLIST_KEY_CFBundleDisplayName = "トイレチェックイン";
				INFOPLIST_KEY_LSApplicationCategoryType = "public.app-category.healthcare-fitness";
				INFOPLIST_KEY_UIApplicationSceneManifest_Generation = YES;
				INFOPLIST_KEY_UIApplicationSupportsIndirectInputEvents = YES;
				INFOPLIST_KEY_UILaunchScreen_Generation = YES;
				INFOPLIST_KEY_UISupportedInterfaceOrientations = "UIInterfaceOrientationLandscapeLeft UIInterfaceOrientationPortrait UIInterfaceOrientationPortraitUpsideDown";
				INFOPLIST_KEY_UISupportedInterfaceOrientations_iPad = "UIInterfaceOrientationLandscapeLeft UIInterfaceOrientationLandscapeRight UIInterfaceOrientationPortrait UIInterfaceOrientationPortraitUpsideDown";
				LD_RUNPATH_SEARCH_PATHS = (
					"$(inherited)",
					"@executable_path/Frameworks",
				);
				MARKETING_VERSION = 1.0.0;
				PRODUCT_BUNDLE_IDENTIFIER = yugo.sugiyama.toiletCheckIn;
				PRODUCT_NAME = "$(TARGET_NAME)";
				SWIFT_EMIT_LOC_STRINGS = YES;
				SWIFT_VERSION = 5.0;
				TARGETED_DEVICE_FAMILY = "1,2";
			};
			name = Release;
		};
		C3CE23032AD392C00091FFC6 /* Debug */ = {
			isa = XCBuildConfiguration;
			buildSettings = {
				ALWAYS_EMBED_SWIFT_STANDARD_LIBRARIES = YES;
				BUNDLE_LOADER = "$(TEST_HOST)";
				CODE_SIGN_STYLE = Automatic;
				CURRENT_PROJECT_VERSION = 1;
				DEVELOPMENT_TEAM = 669226BDWM;
				GENERATE_INFOPLIST_FILE = YES;
				IPHONEOS_DEPLOYMENT_TARGET = 17.0;
				MARKETING_VERSION = 1.0;
				PRODUCT_BUNDLE_IDENTIFIER = toiletChechIn.yugo.sugiyama.ToiletCheckInTests;
				PRODUCT_NAME = "$(TARGET_NAME)";
				SWIFT_EMIT_LOC_STRINGS = NO;
				SWIFT_VERSION = 5.0;
				TARGETED_DEVICE_FAMILY = "1,2";
				TEST_HOST = "$(BUILT_PRODUCTS_DIR)/ToiletCheckIn.app/$(BUNDLE_EXECUTABLE_FOLDER_PATH)/ToiletCheckIn";
			};
			name = Debug;
		};
		C3CE23042AD392C00091FFC6 /* Release */ = {
			isa = XCBuildConfiguration;
			buildSettings = {
				ALWAYS_EMBED_SWIFT_STANDARD_LIBRARIES = YES;
				BUNDLE_LOADER = "$(TEST_HOST)";
				CODE_SIGN_STYLE = Automatic;
				CURRENT_PROJECT_VERSION = 1;
				DEVELOPMENT_TEAM = 669226BDWM;
				GENERATE_INFOPLIST_FILE = YES;
				IPHONEOS_DEPLOYMENT_TARGET = 17.0;
				MARKETING_VERSION = 1.0;
				PRODUCT_BUNDLE_IDENTIFIER = toiletChechIn.yugo.sugiyama.ToiletCheckInTests;
				PRODUCT_NAME = "$(TARGET_NAME)";
				SWIFT_EMIT_LOC_STRINGS = NO;
				SWIFT_VERSION = 5.0;
				TARGETED_DEVICE_FAMILY = "1,2";
				TEST_HOST = "$(BUILT_PRODUCTS_DIR)/ToiletCheckIn.app/$(BUNDLE_EXECUTABLE_FOLDER_PATH)/ToiletCheckIn";
			};
			name = Release;
		};
		C3CE23222AD3937F0091FFC6 /* Debug */ = {
			isa = XCBuildConfiguration;
			buildSettings = {
				ASSETCATALOG_COMPILER_GLOBAL_ACCENT_COLOR_NAME = AccentColor;
				ASSETCATALOG_COMPILER_WIDGET_BACKGROUND_COLOR_NAME = WidgetBackground;
				CODE_SIGN_ENTITLEMENTS = ToiletCheckInWidgetExtension.entitlements;
				CODE_SIGN_STYLE = Automatic;
				CURRENT_PROJECT_VERSION = 1;
				DEVELOPMENT_TEAM = 669226BDWM;
				GENERATE_INFOPLIST_FILE = YES;
				INFOPLIST_FILE = ToiletCheckInWidget/Info.plist;
				INFOPLIST_KEY_CFBundleDisplayName = ToiletCheckInWidget;
				INFOPLIST_KEY_NSHumanReadableCopyright = "";
				LD_RUNPATH_SEARCH_PATHS = (
					"$(inherited)",
					"@executable_path/Frameworks",
					"@executable_path/../../Frameworks",
				);
				MARKETING_VERSION = 1.0;
				PRODUCT_BUNDLE_IDENTIFIER = yugo.sugiyama.toiletCheckIn.ToiletCheckInWidget;
				PRODUCT_NAME = "$(TARGET_NAME)";
				SKIP_INSTALL = YES;
				SWIFT_EMIT_LOC_STRINGS = YES;
				SWIFT_VERSION = 5.0;
				TARGETED_DEVICE_FAMILY = "1,2";
			};
			name = Debug;
		};
		C3CE23232AD3937F0091FFC6 /* Release */ = {
			isa = XCBuildConfiguration;
			buildSettings = {
				ASSETCATALOG_COMPILER_GLOBAL_ACCENT_COLOR_NAME = AccentColor;
				ASSETCATALOG_COMPILER_WIDGET_BACKGROUND_COLOR_NAME = WidgetBackground;
				CODE_SIGN_ENTITLEMENTS = ToiletCheckInWidgetExtension.entitlements;
				CODE_SIGN_STYLE = Automatic;
				CURRENT_PROJECT_VERSION = 1;
				DEVELOPMENT_TEAM = 669226BDWM;
				GENERATE_INFOPLIST_FILE = YES;
				INFOPLIST_FILE = ToiletCheckInWidget/Info.plist;
				INFOPLIST_KEY_CFBundleDisplayName = ToiletCheckInWidget;
				INFOPLIST_KEY_NSHumanReadableCopyright = "";
				LD_RUNPATH_SEARCH_PATHS = (
					"$(inherited)",
					"@executable_path/Frameworks",
					"@executable_path/../../Frameworks",
				);
				MARKETING_VERSION = 1.0;
				PRODUCT_BUNDLE_IDENTIFIER = yugo.sugiyama.toiletCheckIn.ToiletCheckInWidget;
				PRODUCT_NAME = "$(TARGET_NAME)";
				SKIP_INSTALL = YES;
				SWIFT_EMIT_LOC_STRINGS = YES;
				SWIFT_VERSION = 5.0;
				TARGETED_DEVICE_FAMILY = "1,2";
			};
			name = Release;
		};
/* End XCBuildConfiguration section */

/* Begin XCConfigurationList section */
		C397E76F2ADBA4F100209F12 /* Build configuration list for PBXNativeTarget "ToiletCheckInWatchApp Watch App" */ = {
			isa = XCConfigurationList;
			buildConfigurations = (
				C397E76D2ADBA4F100209F12 /* Debug */,
				C397E76E2ADBA4F100209F12 /* Release */,
			);
			defaultConfigurationIsVisible = 0;
			defaultConfigurationName = Release;
		};
		C397E79E2ADC01C700209F12 /* Build configuration list for PBXNativeTarget "ToiletCheckInWatchWidgetExtension" */ = {
			isa = XCConfigurationList;
			buildConfigurations = (
				C397E79F2ADC01C700209F12 /* Debug */,
				C397E7A02ADC01C700209F12 /* Release */,
			);
			defaultConfigurationIsVisible = 0;
			defaultConfigurationName = Release;
		};
		C3CE22D62AD392BF0091FFC6 /* Build configuration list for PBXProject "ToiletCheckIn" */ = {
			isa = XCConfigurationList;
			buildConfigurations = (
				C3CE22FD2AD392C00091FFC6 /* Debug */,
				C3CE22FE2AD392C00091FFC6 /* Release */,
			);
			defaultConfigurationIsVisible = 0;
			defaultConfigurationName = Release;
		};
		C3CE22FF2AD392C00091FFC6 /* Build configuration list for PBXNativeTarget "ToiletCheckIn" */ = {
			isa = XCConfigurationList;
			buildConfigurations = (
				C3CE23002AD392C00091FFC6 /* Debug */,
				C3CE23012AD392C00091FFC6 /* Release */,
			);
			defaultConfigurationIsVisible = 0;
			defaultConfigurationName = Release;
		};
		C3CE23022AD392C00091FFC6 /* Build configuration list for PBXNativeTarget "ToiletCheckInTests" */ = {
			isa = XCConfigurationList;
			buildConfigurations = (
				C3CE23032AD392C00091FFC6 /* Debug */,
				C3CE23042AD392C00091FFC6 /* Release */,
			);
			defaultConfigurationIsVisible = 0;
			defaultConfigurationName = Release;
		};
		C3CE23212AD3937F0091FFC6 /* Build configuration list for PBXNativeTarget "ToiletCheckInWidgetExtension" */ = {
			isa = XCConfigurationList;
			buildConfigurations = (
				C3CE23222AD3937F0091FFC6 /* Debug */,
				C3CE23232AD3937F0091FFC6 /* Release */,
			);
			defaultConfigurationIsVisible = 0;
			defaultConfigurationName = Release;
		};
/* End XCConfigurationList section */

/* Begin XCRemoteSwiftPackageReference section */
		C3CE23282AD3A4570091FFC6 /* XCRemoteSwiftPackageReference "swift-testing" */ = {
			isa = XCRemoteSwiftPackageReference;
			repositoryURL = "https://github.com/apple/swift-testing";
			requirement = {
				branch = main;
				kind = branch;
			};
		};
		C3CE232D2AD3E03F0091FFC6 /* XCRemoteSwiftPackageReference "swift-algorithms" */ = {
			isa = XCRemoteSwiftPackageReference;
			repositoryURL = "https://github.com/apple/swift-algorithms.git";
			requirement = {
				kind = upToNextMajorVersion;
				minimumVersion = 1.1.0;
			};
		};
/* End XCRemoteSwiftPackageReference section */

/* Begin XCSwiftPackageProductDependency section */
		C397E7712ADBA53A00209F12 /* ToiletCheckInCore */ = {
			isa = XCSwiftPackageProductDependency;
			productName = ToiletCheckInCore;
		};
		C3CE232B2AD3A46A0091FFC6 /* Testing */ = {
			isa = XCSwiftPackageProductDependency;
			package = C3CE23282AD3A4570091FFC6 /* XCRemoteSwiftPackageReference "swift-testing" */;
			productName = Testing;
		};
		C3CE23332AD3EAB10091FFC6 /* ToiletCheckInCore */ = {
			isa = XCSwiftPackageProductDependency;
			productName = ToiletCheckInCore;
		};
		C3CE23352AD3EAB70091FFC6 /* ToiletCheckInCore */ = {
			isa = XCSwiftPackageProductDependency;
			productName = ToiletCheckInCore;
		};
/* End XCSwiftPackageProductDependency section */
	};
	rootObject = C3CE22D32AD392BF0091FFC6 /* Project object */;
}
